
Microsoft Visual Studio Solution File, Format Version 12.00
# Visual Studio 14
VisualStudioVersion = 14.0.25420.1
MinimumVisualStudioVersion = 10.0.40219.1
Project("{8BC9CEB8-8B4A-11D0-8D11-00A0C91BC942}") = "Iambored", "Iambored\Iambored.vcxproj", "{E0538011-632B-453B-98B2-B4BF76BEAFDC}"
EndProject
Project("{8BC9CEB8-8B4A-11D0-8D11-00A0C91BC942}") = "SimpleRandomSolver", "SimpleRandomSolver\SimpleRandomSolver.vcxproj", "{1A2FB6F9-901E-4E34-B62E-7CD254C9E329}"
EndProject
Global
	GlobalSection(SolutionConfigurationPlatforms) = preSolution
		Debug|x64 = Debug|x64
		Debug|x86 = Debug|x86
		Release|x64 = Release|x64
		Release|x86 = Release|x86
	EndGlobalSection
	GlobalSection(ProjectConfigurationPlatforms) = postSolution
		{E0538011-632B-453B-98B2-B4BF76BEAFDC}.Debug|x64.ActiveCfg = Debug|x64
		{E0538011-632B-453B-98B2-B4BF76BEAFDC}.Debug|x64.Build.0 = Debug|x64
		{E0538011-632B-453B-98B2-B4BF76BEAFDC}.Debug|x86.ActiveCfg = Debug|Win32
		{E0538011-632B-453B-98B2-B4BF76BEAFDC}.Debug|x86.Build.0 = Debug|Win32
		{E0538011-632B-453B-98B2-B4BF76BEAFDC}.Release|x64.ActiveCfg = Release|x64
		{E0538011-632B-453B-98B2-B4BF76BEAFDC}.Release|x64.Build.0 = Release|x64
		{E0538011-632B-453B-98B2-B4BF76BEAFDC}.Release|x86.ActiveCfg = Release|Win32
		{E0538011-632B-453B-98B2-B4BF76BEAFDC}.Release|x86.Build.0 = Release|Win32
		{1A2FB6F9-901E-4E34-B62E-7CD254C9E329}.Debug|x64.ActiveCfg = Debug|x64
		{1A2FB6F9-901E-4E34-B62E-7CD254C9E329}.Debug|x64.Build.0 = Debug|x64
		{1A2FB6F9-901E-4E34-B62E-7CD254C9E329}.Debug|x86.ActiveCfg = Debug|Win32
		{1A2FB6F9-901E-4E34-B62E-7CD254C9E329}.Debug|x86.Build.0 = Debug|Win32
		{1A2FB6F9-901E-4E34-B62E-7CD254C9E329}.Release|x64.ActiveCfg = Release|x64
		{1A2FB6F9-901E-4E34-B62E-7CD254C9E329}.Release|x64.Build.0 = Release|x64
		{1A2FB6F9-901E-4E34-B62E-7CD254C9E329}.Release|x86.ActiveCfg = Release|Win32
		{1A2FB6F9-901E-4E34-B62E-7CD254C9E329}.Release|x86.Build.0 = Release|Win32
	EndGlobalSection
	GlobalSection(SolutionProperties) = preSolution
		HideSolutionNode = FALSE
	EndGlobalSection
EndGlobal
